
Microsoft Visual Studio Solution File, Format Version 12.00
# Visual Studio Version 17
VisualStudioVersion = 17.0.32112.339
MinimumVisualStudioVersion = 10.0.40219.1
Project("{8BC9CEB8-8B4A-11D0-8D11-00A0C91BC942}") = "IntroToCPP_Assesment", "IntroToCPP_Assesment\IntroToCPP_Assesment.vcxproj", "{B6FE8F07-BD22-4A8B-9246-99AFFCABDE89}"
EndProject
Project("{8BC9CEB8-8B4A-11D0-8D11-00A0C91BC942}") = "AIE_01", "..\AIE_01\AIE_01.vcxproj", "{DE5D0F0F-D44C-46E4-BCE9-F82D8B538B84}"
EndProject
Project("{8BC9CEB8-8B4A-11D0-8D11-00A0C91BC942}") = "AIE_02", "..\AIE_02\AIE_02.vcxproj", "{8ECCA592-38E2-4631-A381-C253F74BC0D1}"
EndProject
Project("{8BC9CEB8-8B4A-11D0-8D11-00A0C91BC942}") = "AIE_03", "..\AIE_03\AIE_03.vcxproj", "{906238BE-65A7-468E-A287-D78F3B4E891A}"
EndProject
Project("{8BC9CEB8-8B4A-11D0-8D11-00A0C91BC942}") = "AIE_04", "..\AIE_04\AIE_04.vcxproj", "{A8BC6B51-CA08-45AE-976E-05AFD495E270}"
EndProject
Project("{8BC9CEB8-8B4A-11D0-8D11-00A0C91BC942}") = "AIE_05", "..\AIE_05\AIE_05.vcxproj", "{B5C48E9C-3067-4CCE-8E18-7C390017FCC5}"
EndProject
Project("{8BC9CEB8-8B4A-11D0-8D11-00A0C91BC942}") = "AIE_06", "..\AIE_06\AIE_06.vcxproj", "{EA0DF64E-9D87-45BF-A840-355C397290BF}"
EndProject
Project("{8BC9CEB8-8B4A-11D0-8D11-00A0C91BC942}") = "IntroCPP_BinaryFileIO_NPCData", "..\IntroCPP_BinaryFileIO_NPCData\IntroCPP_BinaryFileIO_NPCData.vcxproj", "{7544D2EA-300C-4AEB-AA7F-438762AE001F}"
EndProject
Project("{8BC9CEB8-8B4A-11D0-8D11-00A0C91BC942}") = "RetroGame", "RetroGame\RetroGame.vcxproj", "{741129BB-71FE-4511-BEFA-627279BC3C76}"
EndProject
Global
	GlobalSection(SolutionConfigurationPlatforms) = preSolution
		Debug|x64 = Debug|x64
		Debug|x86 = Debug|x86
		Release|x64 = Release|x64
		Release|x86 = Release|x86
	EndGlobalSection
	GlobalSection(ProjectConfigurationPlatforms) = postSolution
		{B6FE8F07-BD22-4A8B-9246-99AFFCABDE89}.Debug|x64.ActiveCfg = Debug|x64
		{B6FE8F07-BD22-4A8B-9246-99AFFCABDE89}.Debug|x64.Build.0 = Debug|x64
		{B6FE8F07-BD22-4A8B-9246-99AFFCABDE89}.Debug|x86.ActiveCfg = Debug|Win32
		{B6FE8F07-BD22-4A8B-9246-99AFFCABDE89}.Debug|x86.Build.0 = Debug|Win32
		{B6FE8F07-BD22-4A8B-9246-99AFFCABDE89}.Release|x64.ActiveCfg = Release|x64
		{B6FE8F07-BD22-4A8B-9246-99AFFCABDE89}.Release|x64.Build.0 = Release|x64
		{B6FE8F07-BD22-4A8B-9246-99AFFCABDE89}.Release|x86.ActiveCfg = Release|Win32
		{B6FE8F07-BD22-4A8B-9246-99AFFCABDE89}.Release|x86.Build.0 = Release|Win32
		{DE5D0F0F-D44C-46E4-BCE9-F82D8B538B84}.Debug|x64.ActiveCfg = Debug|x64
		{DE5D0F0F-D44C-46E4-BCE9-F82D8B538B84}.Debug|x64.Build.0 = Debug|x64
		{DE5D0F0F-D44C-46E4-BCE9-F82D8B538B84}.Debug|x86.ActiveCfg = Debug|Win32
		{DE5D0F0F-D44C-46E4-BCE9-F82D8B538B84}.Debug|x86.Build.0 = Debug|Win32
		{DE5D0F0F-D44C-46E4-BCE9-F82D8B538B84}.Release|x64.ActiveCfg = Release|x64
		{DE5D0F0F-D44C-46E4-BCE9-F82D8B538B84}.Release|x64.Build.0 = Release|x64
		{DE5D0F0F-D44C-46E4-BCE9-F82D8B538B84}.Release|x86.ActiveCfg = Release|Win32
		{DE5D0F0F-D44C-46E4-BCE9-F82D8B538B84}.Release|x86.Build.0 = Release|Win32
		{8ECCA592-38E2-4631-A381-C253F74BC0D1}.Debug|x64.ActiveCfg = Debug|x64
		{8ECCA592-38E2-4631-A381-C253F74BC0D1}.Debug|x64.Build.0 = Debug|x64
		{8ECCA592-38E2-4631-A381-C253F74BC0D1}.Debug|x86.ActiveCfg = Debug|Win32
		{8ECCA592-38E2-4631-A381-C253F74BC0D1}.Debug|x86.Build.0 = Debug|Win32
		{8ECCA592-38E2-4631-A381-C253F74BC0D1}.Release|x64.ActiveCfg = Release|x64
		{8ECCA592-38E2-4631-A381-C253F74BC0D1}.Release|x64.Build.0 = Release|x64
		{8ECCA592-38E2-4631-A381-C253F74BC0D1}.Release|x86.ActiveCfg = Release|Win32
		{8ECCA592-38E2-4631-A381-C253F74BC0D1}.Release|x86.Build.0 = Release|Win32
		{906238BE-65A7-468E-A287-D78F3B4E891A}.Debug|x64.ActiveCfg = Debug|x64
		{906238BE-65A7-468E-A287-D78F3B4E891A}.Debug|x64.Build.0 = Debug|x64
		{906238BE-65A7-468E-A287-D78F3B4E891A}.Debug|x86.ActiveCfg = Debug|Win32
		{906238BE-65A7-468E-A287-D78F3B4E891A}.Debug|x86.Build.0 = Debug|Win32
		{906238BE-65A7-468E-A287-D78F3B4E891A}.Release|x64.ActiveCfg = Release|x64
		{906238BE-65A7-468E-A287-D78F3B4E891A}.Release|x64.Build.0 = Release|x64
		{906238BE-65A7-468E-A287-D78F3B4E891A}.Release|x86.ActiveCfg = Release|Win32
		{906238BE-65A7-468E-A287-D78F3B4E891A}.Release|x86.Build.0 = Release|Win32
		{A8BC6B51-CA08-45AE-976E-05AFD495E270}.Debug|x64.ActiveCfg = Debug|x64
		{A8BC6B51-CA08-45AE-976E-05AFD495E270}.Debug|x64.Build.0 = Debug|x64
		{A8BC6B51-CA08-45AE-976E-05AFD495E270}.Debug|x86.ActiveCfg = Debug|Win32
		{A8BC6B51-CA08-45AE-976E-05AFD495E270}.Debug|x86.Build.0 = Debug|Win32
		{A8BC6B51-CA08-45AE-976E-05AFD495E270}.Release|x64.ActiveCfg = Release|x64
		{A8BC6B51-CA08-45AE-976E-05AFD495E270}.Release|x64.Build.0 = Release|x64
		{A8BC6B51-CA08-45AE-976E-05AFD495E270}.Release|x86.ActiveCfg = Release|Win32
		{A8BC6B51-CA08-45AE-976E-05AFD495E270}.Release|x86.Build.0 = Release|Win32
		{B5C48E9C-3067-4CCE-8E18-7C390017FCC5}.Debug|x64.ActiveCfg = Debug|x64
		{B5C48E9C-3067-4CCE-8E18-7C390017FCC5}.Debug|x64.Build.0 = Debug|x64
		{B5C48E9C-3067-4CCE-8E18-7C390017FCC5}.Debug|x86.ActiveCfg = Debug|Win32
		{B5C48E9C-3067-4CCE-8E18-7C390017FCC5}.Debug|x86.Build.0 = Debug|Win32
		{B5C48E9C-3067-4CCE-8E18-7C390017FCC5}.Release|x64.ActiveCfg = Release|x64
		{B5C48E9C-3067-4CCE-8E18-7C390017FCC5}.Release|x64.Build.0 = Release|x64
		{B5C48E9C-3067-4CCE-8E18-7C390017FCC5}.Release|x86.ActiveCfg = Release|Win32
		{B5C48E9C-3067-4CCE-8E18-7C390017FCC5}.Release|x86.Build.0 = Release|Win32
		{EA0DF64E-9D87-45BF-A840-355C397290BF}.Debug|x64.ActiveCfg = Debug|x64
		{EA0DF64E-9D87-45BF-A840-355C397290BF}.Debug|x64.Build.0 = Debug|x64
		{EA0DF64E-9D87-45BF-A840-355C397290BF}.Debug|x86.ActiveCfg = Debug|Win32
		{EA0DF64E-9D87-45BF-A840-355C397290BF}.Debug|x86.Build.0 = Debug|Win32
		{EA0DF64E-9D87-45BF-A840-355C397290BF}.Release|x64.ActiveCfg = Release|x64
		{EA0DF64E-9D87-45BF-A840-355C397290BF}.Release|x64.Build.0 = Release|x64
		{EA0DF64E-9D87-45BF-A840-355C397290BF}.Release|x86.ActiveCfg = Release|Win32
		{EA0DF64E-9D87-45BF-A840-355C397290BF}.Release|x86.Build.0 = Release|Win32
		{7544D2EA-300C-4AEB-AA7F-438762AE001F}.Debug|x64.ActiveCfg = Debug|x64
		{7544D2EA-300C-4AEB-AA7F-438762AE001F}.Debug|x64.Build.0 = Debug|x64
		{7544D2EA-300C-4AEB-AA7F-438762AE001F}.Debug|x86.ActiveCfg = Debug|Win32
		{7544D2EA-300C-4AEB-AA7F-438762AE001F}.Debug|x86.Build.0 = Debug|Win32
		{7544D2EA-300C-4AEB-AA7F-438762AE001F}.Release|x64.ActiveCfg = Release|x64
		{7544D2EA-300C-4AEB-AA7F-438762AE001F}.Release|x64.Build.0 = Release|x64
		{7544D2EA-300C-4AEB-AA7F-438762AE001F}.Release|x86.ActiveCfg = Release|Win32
		{7544D2EA-300C-4AEB-AA7F-438762AE001F}.Release|x86.Build.0 = Release|Win32
		{741129BB-71FE-4511-BEFA-627279BC3C76}.Debug|x64.ActiveCfg = Debug|x64
		{741129BB-71FE-4511-BEFA-627279BC3C76}.Debug|x64.Build.0 = Debug|x64
		{741129BB-71FE-4511-BEFA-627279BC3C76}.Debug|x86.ActiveCfg = Debug|Win32
		{741129BB-71FE-4511-BEFA-627279BC3C76}.Debug|x86.Build.0 = Debug|Win32
		{741129BB-71FE-4511-BEFA-627279BC3C76}.Release|x64.ActiveCfg = Release|x64
		{741129BB-71FE-4511-BEFA-627279BC3C76}.Release|x64.Build.0 = Release|x64
		{741129BB-71FE-4511-BEFA-627279BC3C76}.Release|x86.ActiveCfg = Release|Win32
		{741129BB-71FE-4511-BEFA-627279BC3C76}.Release|x86.Build.0 = Release|Win32
	EndGlobalSection
	GlobalSection(SolutionProperties) = preSolution
		HideSolutionNode = FALSE
	EndGlobalSection
	GlobalSection(ExtensibilityGlobals) = postSolution
		SolutionGuid = {36CB1F55-E25E-40A8-AD38-12B66BE7E86B}
	EndGlobalSection
EndGlobal
